
Microsoft Visual Studio Solution File, Format Version 12.00
# Visual Studio Version 17
VisualStudioVersion = 17.0.31903.59
MinimumVisualStudioVersion = 10.0.40219.1
Project("{FAE04EC0-301F-11D3-BF4B-00C04F79EFBC}") = "ExpanseManagerAPI", "ExpanseManagerAPI\ExpanseManagerAPI.csproj", "{CF52D545-79A6-4387-A07B-475EB2E2C8BC}"
EndProject
Global
	GlobalSection(SolutionConfigurationPlatforms) = preSolution
		Debug|Any CPU = Debug|Any CPU
		Release|Any CPU = Release|Any CPU
	EndGlobalSection
	GlobalSection(SolutionProperties) = preSolution
		HideSolutionNode = FALSE
	EndGlobalSection
	GlobalSection(ProjectConfigurationPlatforms) = postSolution
		{CF52D545-79A6-4387-A07B-475EB2E2C8BC}.Debug|Any CPU.ActiveCfg = Debug|Any CPU
		{CF52D545-79A6-4387-A07B-475EB2E2C8BC}.Debug|Any CPU.Build.0 = Debug|Any CPU
		{CF52D545-79A6-4387-A07B-475EB2E2C8BC}.Release|Any CPU.ActiveCfg = Release|Any CPU
		{CF52D545-79A6-4387-A07B-475EB2E2C8BC}.Release|Any CPU.Build.0 = Release|Any CPU
	EndGlobalSection
EndGlobal
